
Microsoft Visual Studio Solution File, Format Version 12.00
# Visual Studio Version 17
VisualStudioVersion = 17.13.35806.99 d17.13
MinimumVisualStudioVersion = 10.0.40219.1
Project("{FAE04EC0-301F-11D3-BF4B-00C04F79EFBC}") = "RestaurantBestelApp", "RestaurantBestelApp.csproj", "{30B862BB-3253-4B97-806C-FC49B8D3B78E}"
EndProject
Global
	GlobalSection(SolutionConfigurationPlatforms) = preSolution
		Debug|Any CPU = Debug|Any CPU
		Release|Any CPU = Release|Any CPU
	EndGlobalSection
	GlobalSection(ProjectConfigurationPlatforms) = postSolution
		{30B862BB-3253-4B97-806C-FC49B8D3B78E}.Debug|Any CPU.ActiveCfg = Debug|Any CPU
		{30B862BB-3253-4B97-806C-FC49B8D3B78E}.Debug|Any CPU.Build.0 = Debug|Any CPU
		{30B862BB-3253-4B97-806C-FC49B8D3B78E}.Release|Any CPU.ActiveCfg = Release|Any CPU
		{30B862BB-3253-4B97-806C-FC49B8D3B78E}.Release|Any CPU.Build.0 = Release|Any CPU
	EndGlobalSection
	GlobalSection(SolutionProperties) = preSolution
		HideSolutionNode = FALSE
	EndGlobalSection
	GlobalSection(ExtensibilityGlobals) = postSolution
		SolutionGuid = {ACFFD519-8B94-4C73-BE66-1D801734CB71}
	EndGlobalSection
EndGlobal
